
Microsoft Visual Studio Solution File, Format Version 12.00
# Visual Studio 15
VisualStudioVersion = 15.0.27428.2015
MinimumVisualStudioVersion = 10.0.40219.1
Project("{FAE04EC0-301F-11D3-BF4B-00C04F79EFBC}") = "DotNetCoreApp", "DotNetCoreApp\DotNetCoreApp.csproj", "{AF54A1A2-CCE9-47F6-B38C-E2E821E40266}"
EndProject
Project("{FAE04EC0-301F-11D3-BF4B-00C04F79EFBC}") = "DotNetCoreDll", "DotNetCoreDll\DotNetCoreDll.csproj", "{F1BDB0DC-4AA2-4684-9655-98E8721B4687}"
EndProject
Global
	GlobalSection(SolutionConfigurationPlatforms) = preSolution
		Debug|Any CPU = Debug|Any CPU
		Release|Any CPU = Release|Any CPU
	EndGlobalSection
	GlobalSection(ProjectConfigurationPlatforms) = postSolution
		{AF54A1A2-CCE9-47F6-B38C-E2E821E40266}.Debug|Any CPU.ActiveCfg = Debug|Any CPU
		{AF54A1A2-CCE9-47F6-B38C-E2E821E40266}.Debug|Any CPU.Build.0 = Debug|Any CPU
		{AF54A1A2-CCE9-47F6-B38C-E2E821E40266}.Release|Any CPU.ActiveCfg = Release|Any CPU
		{AF54A1A2-CCE9-47F6-B38C-E2E821E40266}.Release|Any CPU.Build.0 = Release|Any CPU
		{F1BDB0DC-4AA2-4684-9655-98E8721B4687}.Debug|Any CPU.ActiveCfg = Debug|Any CPU
		{F1BDB0DC-4AA2-4684-9655-98E8721B4687}.Debug|Any CPU.Build.0 = Debug|Any CPU
		{F1BDB0DC-4AA2-4684-9655-98E8721B4687}.Release|Any CPU.ActiveCfg = Release|Any CPU
		{F1BDB0DC-4AA2-4684-9655-98E8721B4687}.Release|Any CPU.Build.0 = Release|Any CPU
	EndGlobalSection
	GlobalSection(SolutionProperties) = preSolution
		HideSolutionNode = FALSE
	EndGlobalSection
	GlobalSection(ExtensibilityGlobals) = postSolution
		SolutionGuid = {A5E214A8-491B-4F3B-89C0-71843524DA5E}
	EndGlobalSection
EndGlobal
